
Microsoft Visual Studio Solution File, Format Version 12.00
# Visual Studio Version 16
VisualStudioVersion = 16.0.33529.622
MinimumVisualStudioVersion = 10.0.40219.1
Project("{FAE04EC0-301F-11D3-BF4B-00C04F79EFBC}") = "Packs", "Packs\Packs.csproj", "{6136D0E4-8F19-4445-B552-65AAA216E4DA}"
EndProject
Global
	GlobalSection(SolutionConfigurationPlatforms) = preSolution
		Debug|Any CPU = Debug|Any CPU
		Release|Any CPU = Release|Any CPU
	EndGlobalSection
	GlobalSection(ProjectConfigurationPlatforms) = postSolution
		{6136D0E4-8F19-4445-B552-65AAA216E4DA}.Debug|Any CPU.ActiveCfg = Debug|Any CPU
		{6136D0E4-8F19-4445-B552-65AAA216E4DA}.Debug|Any CPU.Build.0 = Debug|Any CPU
		{6136D0E4-8F19-4445-B552-65AAA216E4DA}.Release|Any CPU.ActiveCfg = Release|Any CPU
		{6136D0E4-8F19-4445-B552-65AAA216E4DA}.Release|Any CPU.Build.0 = Release|Any CPU
	EndGlobalSection
	GlobalSection(SolutionProperties) = preSolution
		HideSolutionNode = FALSE
	EndGlobalSection
	GlobalSection(ExtensibilityGlobals) = postSolution
		SolutionGuid = {41CBF8EA-39FE-44B8-BB15-E174923867D8}
	EndGlobalSection
EndGlobal
